
Microsoft Visual Studio Solution File, Format Version 12.00
# Visual Studio Version 16
VisualStudioVersion = 16.0.28531.58
MinimumVisualStudioVersion = 10.0.40219.1
Project("{FAE04EC0-301F-11D3-BF4B-00C04F79EFBC}") = "BinaryTreeLibrary", "BinaryTree\BinaryTreeLibrary.csproj", "{A6A589F0-C476-4BD7-8318-616094B24437}"
EndProject
Project("{FAE04EC0-301F-11D3-BF4B-00C04F79EFBC}") = "BynaryTreeLibraryTests", "BynaryTreeLibraryTests\BynaryTreeLibraryTests.csproj", "{1C71DA1E-769D-4691-B07A-D6B506C1A23B}"
EndProject
Project("{FAE04EC0-301F-11D3-BF4B-00C04F79EFBC}") = "Console", "Task3\Console.csproj", "{DE1D6743-25E2-49AD-8139-8F4D7A924E3D}"
EndProject
Global
	GlobalSection(SolutionConfigurationPlatforms) = preSolution
		Debug|Any CPU = Debug|Any CPU
		Release|Any CPU = Release|Any CPU
	EndGlobalSection
	GlobalSection(ProjectConfigurationPlatforms) = postSolution
		{A6A589F0-C476-4BD7-8318-616094B24437}.Debug|Any CPU.ActiveCfg = Debug|Any CPU
		{A6A589F0-C476-4BD7-8318-616094B24437}.Debug|Any CPU.Build.0 = Debug|Any CPU
		{A6A589F0-C476-4BD7-8318-616094B24437}.Release|Any CPU.ActiveCfg = Release|Any CPU
		{A6A589F0-C476-4BD7-8318-616094B24437}.Release|Any CPU.Build.0 = Release|Any CPU
		{1C71DA1E-769D-4691-B07A-D6B506C1A23B}.Debug|Any CPU.ActiveCfg = Debug|Any CPU
		{1C71DA1E-769D-4691-B07A-D6B506C1A23B}.Debug|Any CPU.Build.0 = Debug|Any CPU
		{1C71DA1E-769D-4691-B07A-D6B506C1A23B}.Release|Any CPU.ActiveCfg = Release|Any CPU
		{1C71DA1E-769D-4691-B07A-D6B506C1A23B}.Release|Any CPU.Build.0 = Release|Any CPU
		{DE1D6743-25E2-49AD-8139-8F4D7A924E3D}.Debug|Any CPU.ActiveCfg = Debug|Any CPU
		{DE1D6743-25E2-49AD-8139-8F4D7A924E3D}.Debug|Any CPU.Build.0 = Debug|Any CPU
		{DE1D6743-25E2-49AD-8139-8F4D7A924E3D}.Release|Any CPU.ActiveCfg = Release|Any CPU
		{DE1D6743-25E2-49AD-8139-8F4D7A924E3D}.Release|Any CPU.Build.0 = Release|Any CPU
	EndGlobalSection
	GlobalSection(SolutionProperties) = preSolution
		HideSolutionNode = FALSE
	EndGlobalSection
	GlobalSection(ExtensibilityGlobals) = postSolution
		SolutionGuid = {3846624D-6B18-4AED-8423-A5D3225B60F2}
	EndGlobalSection
EndGlobal
